Microsoft Visual Studio Solution File, Format Version 12.00
# Visual Studio Version 17
VisualStudioVersion = 17.0.31903.59
MinimumVisualStudioVersion = 10.0.40219.1
Project("{FAE04EC0-301F-11D3-BF4B-00C04F79EFBC}") = "Vn.Core", "src\Vn.Core\Vn.Core.csproj", "{E7CAAD6E-9B15-4D75-B216-6C67CD0A5C01}"
EndProject
Project("{FAE04EC0-301F-11D3-BF4B-00C04F79EFBC}") = "Vn.Cli", "src\Vn.Cli\Vn.Cli.csproj", "{1CD719AA-0A86-40BD-A6CF-480F03736AC6}"
EndProject
Project("{FAE04EC0-301F-11D3-BF4B-00C04F79EFBC}") = "Vn.App", "src\Vn.App\Vn.App.csproj", "{F3346CA7-8EA6-44ED-BBD5-132A00D2054D}"
EndProject
Project("{FAE04EC0-301F-11D3-BF4B-00C04F79EFBC}") = "Vn.Core.Tests", "tests\Vn.Core.Tests\Vn.Core.Tests.csproj", "{A9FBED6D-3DD2-4A35-B3D7-EE8E3D2BAC47}"
EndProject
Project("{FAE04EC0-301F-11D3-BF4B-00C04F79EFBC}") = "Vn.App.Tests", "tests\Vn.App.Tests\Vn.App.Tests.csproj", "{CDA508B5-0CF4-4553-9E2F-FE0C5FA3ED52}"
EndProject
Global
  GlobalSection(SolutionConfigurationPlatforms) = preSolution
    Debug|Any CPU = Debug|Any CPU
    Release|Any CPU = Release|Any CPU
  EndGlobalSection
  GlobalSection(ProjectConfigurationPlatforms) = postSolution
    {E7CAAD6E-9B15-4D75-B216-6C67CD0A5C01}.Debug|Any CPU.ActiveCfg = Debug|Any CPU
    {E7CAAD6E-9B15-4D75-B216-6C67CD0A5C01}.Debug|Any CPU.Build.0 = Debug|Any CPU
    {E7CAAD6E-9B15-4D75-B216-6C67CD0A5C01}.Release|Any CPU.ActiveCfg = Release|Any CPU
    {E7CAAD6E-9B15-4D75-B216-6C67CD0A5C01}.Release|Any CPU.Build.0 = Release|Any CPU
    {1CD719AA-0A86-40BD-A6CF-480F03736AC6}.Debug|Any CPU.ActiveCfg = Debug|Any CPU
    {1CD719AA-0A86-40BD-A6CF-480F03736AC6}.Debug|Any CPU.Build.0 = Debug|Any CPU
    {1CD719AA-0A86-40BD-A6CF-480F03736AC6}.Release|Any CPU.ActiveCfg = Release|Any CPU
    {1CD719AA-0A86-40BD-A6CF-480F03736AC6}.Release|Any CPU.Build.0 = Release|Any CPU
    {F3346CA7-8EA6-44ED-BBD5-132A00D2054D}.Debug|Any CPU.ActiveCfg = Debug|Any CPU
    {F3346CA7-8EA6-44ED-BBD5-132A00D2054D}.Debug|Any CPU.Build.0 = Debug|Any CPU
    {F3346CA7-8EA6-44ED-BBD5-132A00D2054D}.Release|Any CPU.ActiveCfg = Release|Any CPU
    {F3346CA7-8EA6-44ED-BBD5-132A00D2054D}.Release|Any CPU.Build.0 = Release|Any CPU
    {A9FBED6D-3DD2-4A35-B3D7-EE8E3D2BAC47}.Debug|Any CPU.ActiveCfg = Debug|Any CPU
    {A9FBED6D-3DD2-4A35-B3D7-EE8E3D2BAC47}.Debug|Any CPU.Build.0 = Debug|Any CPU
    {A9FBED6D-3DD2-4A35-B3D7-EE8E3D2BAC47}.Release|Any CPU.ActiveCfg = Release|Any CPU
    {A9FBED6D-3DD2-4A35-B3D7-EE8E3D2BAC47}.Release|Any CPU.Build.0 = Release|Any CPU
    {CDA508B5-0CF4-4553-9E2F-FE0C5FA3ED52}.Debug|Any CPU.ActiveCfg = Debug|Any CPU
    {CDA508B5-0CF4-4553-9E2F-FE0C5FA3ED52}.Debug|Any CPU.Build.0 = Debug|Any CPU
    {CDA508B5-0CF4-4553-9E2F-FE0C5FA3ED52}.Release|Any CPU.ActiveCfg = Release|Any CPU
    {CDA508B5-0CF4-4553-9E2F-FE0C5FA3ED52}.Release|Any CPU.Build.0 = Release|Any CPU
  EndGlobalSection
EndGlobal
