
Microsoft Visual Studio Solution File, Format Version 12.00
# Visual Studio Version 17
VisualStudioVersion = 17.0.31903.59
MinimumVisualStudioVersion = 10.0.40219.1
Project("{FAE04EC0-301F-11D3-BF4B-00C04F79EFBC}") = "Vn.Core", "src\Vn.Core\Vn.Core.csproj", "{E7CAAD6E-9B15-4D75-B216-6C67CD0A5C01}"
EndProject
Project("{FAE04EC0-301F-11D3-BF4B-00C04F79EFBC}") = "Vn.Cli", "src\Vn.Cli\Vn.Cli.csproj", "{1CD719AA-0A86-40BD-A6CF-480F03736AC6}"
EndProject
Project("{FAE04EC0-301F-11D3-BF4B-00C04F79EFBC}") = "Vn.App", "src\Vn.App\Vn.App.csproj", "{F3346CA7-8EA6-44ED-BBD5-132A00D2054D}"
EndProject
Project("{FAE04EC0-301F-11D3-BF4B-00C04F79EFBC}") = "Vn.Core.Tests", "tests\Vn.Core.Tests\Vn.Core.Tests.csproj", "{A9FBED6D-3DD2-4A35-B3D7-EE8E3D2BAC47}"
EndProject
Project("{FAE04EC0-301F-11D3-BF4B-00C04F79EFBC}") = "Vn.App.Tests", "tests\Vn.App.Tests\Vn.App.Tests.csproj", "{CDA508B5-0CF4-4553-9E2F-FE0C5FA3ED52}"
EndProject
Project("{2150E333-8FDC-42A3-9474-1A3956D46DE8}") = "src", "src", "{827E0CD3-B72D-47B6-A68D-7590B98EB39B}"
EndProject
Project("{FAE04EC0-301F-11D3-BF4B-00C04F79EFBC}") = "Vn.Authoring", "src\Vn.Authoring\Vn.Authoring.csproj", "{518D06C7-CEA3-4600-92DC-D8ABCC69E97A}"
EndProject
Project("{2150E333-8FDC-42A3-9474-1A3956D46DE8}") = "tests", "tests", "{0AB3BF05-4346-4AA6-1389-037BE0695223}"
EndProject
Project("{FAE04EC0-301F-11D3-BF4B-00C04F79EFBC}") = "Vn.Authoring.Tests", "tests\Vn.Authoring.Tests\Vn.Authoring.Tests.csproj", "{3269AF62-4C4E-49F5-BC61-8ED865D3D9D3}"
EndProject
Project("{FAE04EC0-301F-11D3-BF4B-00C04F79EFBC}") = "Ked.Presentation.Core", "src\Ked.Presentation.Core\Ked.Presentation.Core.csproj", "{80469B85-77A2-472B-AE37-AF382C7C6330}"
EndProject
Project("{FAE04EC0-301F-11D3-BF4B-00C04F79EFBC}") = "Ked.Presentation.Core.Tests", "tests\Ked.Presentation.Core.Tests\Ked.Presentation.Core.Tests.csproj", "{E8FCE403-37EA-45FA-90DB-84136A192B04}"
EndProject
Project("{FAE04EC0-301F-11D3-BF4B-00C04F79EFBC}") = "Ked.Progression", "src\Ked.Progression\Ked.Progression.csproj", "{E8E97F5E-D089-4FF7-9E18-A065BB882D85}"
EndProject
Global
	GlobalSection(SolutionConfigurationPlatforms) = preSolution
		Debug|Any CPU = Debug|Any CPU
		Debug|x64 = Debug|x64
		Debug|x86 = Debug|x86
		Release|Any CPU = Release|Any CPU
		Release|x64 = Release|x64
		Release|x86 = Release|x86
	EndGlobalSection
	GlobalSection(ProjectConfigurationPlatforms) = postSolution
		{E7CAAD6E-9B15-4D75-B216-6C67CD0A5C01}.Debug|Any CPU.ActiveCfg = Debug|Any CPU
		{E7CAAD6E-9B15-4D75-B216-6C67CD0A5C01}.Debug|Any CPU.Build.0 = Debug|Any CPU
		{E7CAAD6E-9B15-4D75-B216-6C67CD0A5C01}.Debug|x64.ActiveCfg = Debug|Any CPU
		{E7CAAD6E-9B15-4D75-B216-6C67CD0A5C01}.Debug|x64.Build.0 = Debug|Any CPU
		{E7CAAD6E-9B15-4D75-B216-6C67CD0A5C01}.Debug|x86.ActiveCfg = Debug|Any CPU
		{E7CAAD6E-9B15-4D75-B216-6C67CD0A5C01}.Debug|x86.Build.0 = Debug|Any CPU
		{E7CAAD6E-9B15-4D75-B216-6C67CD0A5C01}.Release|Any CPU.ActiveCfg = Release|Any CPU
		{E7CAAD6E-9B15-4D75-B216-6C67CD0A5C01}.Release|Any CPU.Build.0 = Release|Any CPU
		{E7CAAD6E-9B15-4D75-B216-6C67CD0A5C01}.Release|x64.ActiveCfg = Release|Any CPU
		{E7CAAD6E-9B15-4D75-B216-6C67CD0A5C01}.Release|x64.Build.0 = Release|Any CPU
		{E7CAAD6E-9B15-4D75-B216-6C67CD0A5C01}.Release|x86.ActiveCfg = Release|Any CPU
		{E7CAAD6E-9B15-4D75-B216-6C67CD0A5C01}.Release|x86.Build.0 = Release|Any CPU
		{1CD719AA-0A86-40BD-A6CF-480F03736AC6}.Debug|Any CPU.ActiveCfg = Debug|Any CPU
		{1CD719AA-0A86-40BD-A6CF-480F03736AC6}.Debug|Any CPU.Build.0 = Debug|Any CPU
		{1CD719AA-0A86-40BD-A6CF-480F03736AC6}.Debug|x64.ActiveCfg = Debug|Any CPU
		{1CD719AA-0A86-40BD-A6CF-480F03736AC6}.Debug|x64.Build.0 = Debug|Any CPU
		{1CD719AA-0A86-40BD-A6CF-480F03736AC6}.Debug|x86.ActiveCfg = Debug|Any CPU
		{1CD719AA-0A86-40BD-A6CF-480F03736AC6}.Debug|x86.Build.0 = Debug|Any CPU
		{1CD719AA-0A86-40BD-A6CF-480F03736AC6}.Release|Any CPU.ActiveCfg = Release|Any CPU
		{1CD719AA-0A86-40BD-A6CF-480F03736AC6}.Release|Any CPU.Build.0 = Release|Any CPU
		{1CD719AA-0A86-40BD-A6CF-480F03736AC6}.Release|x64.ActiveCfg = Release|Any CPU
		{1CD719AA-0A86-40BD-A6CF-480F03736AC6}.Release|x64.Build.0 = Release|Any CPU
		{1CD719AA-0A86-40BD-A6CF-480F03736AC6}.Release|x86.ActiveCfg = Release|Any CPU
		{1CD719AA-0A86-40BD-A6CF-480F03736AC6}.Release|x86.Build.0 = Release|Any CPU
		{F3346CA7-8EA6-44ED-BBD5-132A00D2054D}.Debug|Any CPU.ActiveCfg = Debug|Any CPU
		{F3346CA7-8EA6-44ED-BBD5-132A00D2054D}.Debug|Any CPU.Build.0 = Debug|Any CPU
		{F3346CA7-8EA6-44ED-BBD5-132A00D2054D}.Debug|x64.ActiveCfg = Debug|Any CPU
		{F3346CA7-8EA6-44ED-BBD5-132A00D2054D}.Debug|x64.Build.0 = Debug|Any CPU
		{F3346CA7-8EA6-44ED-BBD5-132A00D2054D}.Debug|x86.ActiveCfg = Debug|Any CPU
		{F3346CA7-8EA6-44ED-BBD5-132A00D2054D}.Debug|x86.Build.0 = Debug|Any CPU
		{F3346CA7-8EA6-44ED-BBD5-132A00D2054D}.Release|Any CPU.ActiveCfg = Release|Any CPU
		{F3346CA7-8EA6-44ED-BBD5-132A00D2054D}.Release|Any CPU.Build.0 = Release|Any CPU
		{F3346CA7-8EA6-44ED-BBD5-132A00D2054D}.Release|x64.ActiveCfg = Release|Any CPU
		{F3346CA7-8EA6-44ED-BBD5-132A00D2054D}.Release|x64.Build.0 = Release|Any CPU
		{F3346CA7-8EA6-44ED-BBD5-132A00D2054D}.Release|x86.ActiveCfg = Release|Any CPU
		{F3346CA7-8EA6-44ED-BBD5-132A00D2054D}.Release|x86.Build.0 = Release|Any CPU
		{A9FBED6D-3DD2-4A35-B3D7-EE8E3D2BAC47}.Debug|Any CPU.ActiveCfg = Debug|Any CPU
		{A9FBED6D-3DD2-4A35-B3D7-EE8E3D2BAC47}.Debug|Any CPU.Build.0 = Debug|Any CPU
		{A9FBED6D-3DD2-4A35-B3D7-EE8E3D2BAC47}.Debug|x64.ActiveCfg = Debug|Any CPU
		{A9FBED6D-3DD2-4A35-B3D7-EE8E3D2BAC47}.Debug|x64.Build.0 = Debug|Any CPU
		{A9FBED6D-3DD2-4A35-B3D7-EE8E3D2BAC47}.Debug|x86.ActiveCfg = Debug|Any CPU
		{A9FBED6D-3DD2-4A35-B3D7-EE8E3D2BAC47}.Debug|x86.Build.0 = Debug|Any CPU
		{A9FBED6D-3DD2-4A35-B3D7-EE8E3D2BAC47}.Release|Any CPU.ActiveCfg = Release|Any CPU
		{A9FBED6D-3DD2-4A35-B3D7-EE8E3D2BAC47}.Release|Any CPU.Build.0 = Release|Any CPU
		{A9FBED6D-3DD2-4A35-B3D7-EE8E3D2BAC47}.Release|x64.ActiveCfg = Release|Any CPU
		{A9FBED6D-3DD2-4A35-B3D7-EE8E3D2BAC47}.Release|x64.Build.0 = Release|Any CPU
		{A9FBED6D-3DD2-4A35-B3D7-EE8E3D2BAC47}.Release|x86.ActiveCfg = Release|Any CPU
		{A9FBED6D-3DD2-4A35-B3D7-EE8E3D2BAC47}.Release|x86.Build.0 = Release|Any CPU
		{CDA508B5-0CF4-4553-9E2F-FE0C5FA3ED52}.Debug|Any CPU.ActiveCfg = Debug|Any CPU
		{CDA508B5-0CF4-4553-9E2F-FE0C5FA3ED52}.Debug|Any CPU.Build.0 = Debug|Any CPU
		{CDA508B5-0CF4-4553-9E2F-FE0C5FA3ED52}.Debug|x64.ActiveCfg = Debug|Any CPU
		{CDA508B5-0CF4-4553-9E2F-FE0C5FA3ED52}.Debug|x64.Build.0 = Debug|Any CPU
		{CDA508B5-0CF4-4553-9E2F-FE0C5FA3ED52}.Debug|x86.ActiveCfg = Debug|Any CPU
		{CDA508B5-0CF4-4553-9E2F-FE0C5FA3ED52}.Debug|x86.Build.0 = Debug|Any CPU
		{CDA508B5-0CF4-4553-9E2F-FE0C5FA3ED52}.Release|Any CPU.ActiveCfg = Release|Any CPU
		{CDA508B5-0CF4-4553-9E2F-FE0C5FA3ED52}.Release|Any CPU.Build.0 = Release|Any CPU
		{CDA508B5-0CF4-4553-9E2F-FE0C5FA3ED52}.Release|x64.ActiveCfg = Release|Any CPU
		{CDA508B5-0CF4-4553-9E2F-FE0C5FA3ED52}.Release|x64.Build.0 = Release|Any CPU
		{CDA508B5-0CF4-4553-9E2F-FE0C5FA3ED52}.Release|x86.ActiveCfg = Release|Any CPU
		{CDA508B5-0CF4-4553-9E2F-FE0C5FA3ED52}.Release|x86.Build.0 = Release|Any CPU
		{518D06C7-CEA3-4600-92DC-D8ABCC69E97A}.Debug|Any CPU.ActiveCfg = Debug|Any CPU
		{518D06C7-CEA3-4600-92DC-D8ABCC69E97A}.Debug|Any CPU.Build.0 = Debug|Any CPU
		{518D06C7-CEA3-4600-92DC-D8ABCC69E97A}.Debug|x64.ActiveCfg = Debug|Any CPU
		{518D06C7-CEA3-4600-92DC-D8ABCC69E97A}.Debug|x64.Build.0 = Debug|Any CPU
		{518D06C7-CEA3-4600-92DC-D8ABCC69E97A}.Debug|x86.ActiveCfg = Debug|Any CPU
		{518D06C7-CEA3-4600-92DC-D8ABCC69E97A}.Debug|x86.Build.0 = Debug|Any CPU
		{518D06C7-CEA3-4600-92DC-D8ABCC69E97A}.Release|Any CPU.ActiveCfg = Release|Any CPU
		{518D06C7-CEA3-4600-92DC-D8ABCC69E97A}.Release|Any CPU.Build.0 = Release|Any CPU
		{518D06C7-CEA3-4600-92DC-D8ABCC69E97A}.Release|x64.ActiveCfg = Release|Any CPU
		{518D06C7-CEA3-4600-92DC-D8ABCC69E97A}.Release|x64.Build.0 = Release|Any CPU
		{518D06C7-CEA3-4600-92DC-D8ABCC69E97A}.Release|x86.ActiveCfg = Release|Any CPU
		{518D06C7-CEA3-4600-92DC-D8ABCC69E97A}.Release|x86.Build.0 = Release|Any CPU
		{3269AF62-4C4E-49F5-BC61-8ED865D3D9D3}.Debug|Any CPU.ActiveCfg = Debug|Any CPU
		{3269AF62-4C4E-49F5-BC61-8ED865D3D9D3}.Debug|Any CPU.Build.0 = Debug|Any CPU
		{3269AF62-4C4E-49F5-BC61-8ED865D3D9D3}.Debug|x64.ActiveCfg = Debug|Any CPU
		{3269AF62-4C4E-49F5-BC61-8ED865D3D9D3}.Debug|x64.Build.0 = Debug|Any CPU
		{3269AF62-4C4E-49F5-BC61-8ED865D3D9D3}.Debug|x86.ActiveCfg = Debug|Any CPU
		{3269AF62-4C4E-49F5-BC61-8ED865D3D9D3}.Debug|x86.Build.0 = Debug|Any CPU
		{3269AF62-4C4E-49F5-BC61-8ED865D3D9D3}.Release|Any CPU.ActiveCfg = Release|Any CPU
		{3269AF62-4C4E-49F5-BC61-8ED865D3D9D3}.Release|Any CPU.Build.0 = Release|Any CPU
		{3269AF62-4C4E-49F5-BC61-8ED865D3D9D3}.Release|x64.ActiveCfg = Release|Any CPU
		{3269AF62-4C4E-49F5-BC61-8ED865D3D9D3}.Release|x64.Build.0 = Release|Any CPU
		{3269AF62-4C4E-49F5-BC61-8ED865D3D9D3}.Release|x86.ActiveCfg = Release|Any CPU
		{3269AF62-4C4E-49F5-BC61-8ED865D3D9D3}.Release|x86.Build.0 = Release|Any CPU
		{80469B85-77A2-472B-AE37-AF382C7C6330}.Debug|Any CPU.ActiveCfg = Debug|Any CPU
		{80469B85-77A2-472B-AE37-AF382C7C6330}.Debug|Any CPU.Build.0 = Debug|Any CPU
		{80469B85-77A2-472B-AE37-AF382C7C6330}.Debug|x64.ActiveCfg = Debug|Any CPU
		{80469B85-77A2-472B-AE37-AF382C7C6330}.Debug|x64.Build.0 = Debug|Any CPU
		{80469B85-77A2-472B-AE37-AF382C7C6330}.Debug|x86.ActiveCfg = Debug|Any CPU
		{80469B85-77A2-472B-AE37-AF382C7C6330}.Debug|x86.Build.0 = Debug|Any CPU
		{80469B85-77A2-472B-AE37-AF382C7C6330}.Release|Any CPU.ActiveCfg = Release|Any CPU
		{80469B85-77A2-472B-AE37-AF382C7C6330}.Release|Any CPU.Build.0 = Release|Any CPU
		{80469B85-77A2-472B-AE37-AF382C7C6330}.Release|x64.ActiveCfg = Release|Any CPU
		{80469B85-77A2-472B-AE37-AF382C7C6330}.Release|x64.Build.0 = Release|Any CPU
		{80469B85-77A2-472B-AE37-AF382C7C6330}.Release|x86.ActiveCfg = Release|Any CPU
		{80469B85-77A2-472B-AE37-AF382C7C6330}.Release|x86.Build.0 = Release|Any CPU
		{E8FCE403-37EA-45FA-90DB-84136A192B04}.Debug|Any CPU.ActiveCfg = Debug|Any CPU
		{E8FCE403-37EA-45FA-90DB-84136A192B04}.Debug|Any CPU.Build.0 = Debug|Any CPU
		{E8FCE403-37EA-45FA-90DB-84136A192B04}.Debug|x64.ActiveCfg = Debug|Any CPU
		{E8FCE403-37EA-45FA-90DB-84136A192B04}.Debug|x64.Build.0 = Debug|Any CPU
		{E8FCE403-37EA-45FA-90DB-84136A192B04}.Debug|x86.ActiveCfg = Debug|Any CPU
		{E8FCE403-37EA-45FA-90DB-84136A192B04}.Debug|x86.Build.0 = Debug|Any CPU
		{E8FCE403-37EA-45FA-90DB-84136A192B04}.Release|Any CPU.ActiveCfg = Release|Any CPU
		{E8FCE403-37EA-45FA-90DB-84136A192B04}.Release|Any CPU.Build.0 = Release|Any CPU
		{E8FCE403-37EA-45FA-90DB-84136A192B04}.Release|x64.ActiveCfg = Release|Any CPU
		{E8FCE403-37EA-45FA-90DB-84136A192B04}.Release|x64.Build.0 = Release|Any CPU
		{E8FCE403-37EA-45FA-90DB-84136A192B04}.Release|x86.ActiveCfg = Release|Any CPU
		{E8FCE403-37EA-45FA-90DB-84136A192B04}.Release|x86.Build.0 = Release|Any CPU
		{E8E97F5E-D089-4FF7-9E18-A065BB882D85}.Debug|Any CPU.ActiveCfg = Debug|Any CPU
		{E8E97F5E-D089-4FF7-9E18-A065BB882D85}.Debug|Any CPU.Build.0 = Debug|Any CPU
		{E8E97F5E-D089-4FF7-9E18-A065BB882D85}.Debug|x64.ActiveCfg = Debug|Any CPU
		{E8E97F5E-D089-4FF7-9E18-A065BB882D85}.Debug|x64.Build.0 = Debug|Any CPU
		{E8E97F5E-D089-4FF7-9E18-A065BB882D85}.Debug|x86.ActiveCfg = Debug|Any CPU
		{E8E97F5E-D089-4FF7-9E18-A065BB882D85}.Debug|x86.Build.0 = Debug|Any CPU
		{E8E97F5E-D089-4FF7-9E18-A065BB882D85}.Release|Any CPU.ActiveCfg = Release|Any CPU
		{E8E97F5E-D089-4FF7-9E18-A065BB882D85}.Release|Any CPU.Build.0 = Release|Any CPU
		{E8E97F5E-D089-4FF7-9E18-A065BB882D85}.Release|x64.ActiveCfg = Release|Any CPU
		{E8E97F5E-D089-4FF7-9E18-A065BB882D85}.Release|x64.Build.0 = Release|Any CPU
		{E8E97F5E-D089-4FF7-9E18-A065BB882D85}.Release|x86.ActiveCfg = Release|Any CPU
		{E8E97F5E-D089-4FF7-9E18-A065BB882D85}.Release|x86.Build.0 = Release|Any CPU
	EndGlobalSection
	GlobalSection(SolutionProperties) = preSolution
		HideSolutionNode = FALSE
	EndGlobalSection
	GlobalSection(NestedProjects) = preSolution
		{518D06C7-CEA3-4600-92DC-D8ABCC69E97A} = {827E0CD3-B72D-47B6-A68D-7590B98EB39B}
		{3269AF62-4C4E-49F5-BC61-8ED865D3D9D3} = {0AB3BF05-4346-4AA6-1389-037BE0695223}
		{80469B85-77A2-472B-AE37-AF382C7C6330} = {827E0CD3-B72D-47B6-A68D-7590B98EB39B}
		{E8FCE403-37EA-45FA-90DB-84136A192B04} = {0AB3BF05-4346-4AA6-1389-037BE0695223}
		{E8E97F5E-D089-4FF7-9E18-A065BB882D85} = {827E0CD3-B72D-47B6-A68D-7590B98EB39B}
	EndGlobalSection
EndGlobal
