Microsoft Visual Studio Solution File, Format Version 12.00
# Visual Studio Version 17
VisualStudioVersion = 17.0.31903.59
MinimumVisualStudioVersion = 10.0.40219.1
Project("{FAE04EC0-301F-11D3-BF4B-00C04F79EFBC}") = "Vn.Core", "src\Vn.Core\Vn.Core.csproj", "{D68D66EA-EA70-4E35-9A84-128A8466E437}"
EndProject
Project("{FAE04EC0-301F-11D3-BF4B-00C04F79EFBC}") = "Vn.Cli", "src\Vn.Cli\Vn.Cli.csproj", "{C17E7F02-B9CB-420A-B88A-31C7F71D76C6}"
EndProject
Global
	GlobalSection(SolutionConfigurationPlatforms) = preSolution
		Debug|Any CPU = Debug|Any CPU
		Release|Any CPU = Release|Any CPU
	EndGlobalSection
	GlobalSection(ProjectConfigurationPlatforms) = postSolution
		{D68D66EA-EA70-4E35-9A84-128A8466E437}.Debug|Any CPU.ActiveCfg = Debug|Any CPU
		{D68D66EA-EA70-4E35-9A84-128A8466E437}.Debug|Any CPU.Build.0 = Debug|Any CPU
		{D68D66EA-EA70-4E35-9A84-128A8466E437}.Release|Any CPU.ActiveCfg = Release|Any CPU
		{D68D66EA-EA70-4E35-9A84-128A8466E437}.Release|Any CPU.Build.0 = Release|Any CPU
		{C17E7F02-B9CB-420A-B88A-31C7F71D76C6}.Debug|Any CPU.ActiveCfg = Debug|Any CPU
		{C17E7F02-B9CB-420A-B88A-31C7F71D76C6}.Debug|Any CPU.Build.0 = Debug|Any CPU
		{C17E7F02-B9CB-420A-B88A-31C7F71D76C6}.Release|Any CPU.ActiveCfg = Release|Any CPU
		{C17E7F02-B9CB-420A-B88A-31C7F71D76C6}.Release|Any CPU.Build.0 = Release|Any CPU
	EndGlobalSection
EndGlobal
